// !$*UTF8*$!
{
	archiveVersion = 1;
	classes = {
	};
	objectVersion = 46;
	objects = {

/* Begin PBXBuildFile section */
		88C0421822FB3A08003155B3 /* MessageUI.framework in Frameworks */ = {isa = PBXBuildFile; fileRef = 88C0421722FB3A08003155B3 /* MessageUI.framework */; };
		C19B4A00E9E8089BECD26100 /* libPods-camera-calibration.a in Frameworks */ = {isa = PBXBuildFile; fileRef = FD3748D4981CD8F626DB37C8 /* libPods-camera-calibration.a */; };
		EE2D8D7E1C7F015B0004F1FC /* main.m in Sources */ = {isa = PBXBuildFile; fileRef = EE2D8D7D1C7F015B0004F1FC /* main.m */; };
		EE2D8D811C7F015B0004F1FC /* AppDelegate.m in Sources */ = {isa = PBXBuildFile; fileRef = EE2D8D801C7F015B0004F1FC /* AppDelegate.m */; };
		EE2D8D841C7F015B0004F1FC /* ViewController.mm in Sources */ = {isa = PBXBuildFile; fileRef = EE2D8D831C7F015B0004F1FC /* ViewController.mm */; };
		EE2D8D871C7F015B0004F1FC /* Main.storyboard in Resources */ = {isa = PBXBuildFile; fileRef = EE2D8D851C7F015B0004F1FC /* Main.storyboard */; };
		EE2D8D891C7F015B0004F1FC /* Assets.xcassets in Resources */ = {isa = PBXBuildFile; fileRef = EE2D8D881C7F015B0004F1FC /* Assets.xcassets */; };
		EE2D8D8C1C7F015B0004F1FC /* LaunchScreen.storyboard in Resources */ = {isa = PBXBuildFile; fileRef = EE2D8D8A1C7F015B0004F1FC /* LaunchScreen.storyboard */; };
		EE658FFF1C7F02F100FE63A0 /* Calibrator.cpp in Sources */ = {isa = PBXBuildFile; fileRef = EE658FFD1C7F02F100FE63A0 /* Calibrator.cpp */; };
		EECA2EF51C7F0A4200AAEA40 /* VideoSource.mm in Sources */ = {isa = PBXBuildFile; fileRef = EECA2EF41C7F0A4200AAEA40 /* VideoSource.mm */; };
/* End PBXBuildFile section */

/* Begin PBXFileReference section */
		35F506926ED8AB859EC4EE70 /* Pods-camera-calibration.debug.xcconfig */ = {isa = PBXFileReference; includeInIndex = 1; lastKnownFileType = text.xcconfig; name = "Pods-camera-calibration.debug.xcconfig"; path = "Pods/Target Support Files/Pods-camera-calibration/Pods-camera-calibration.debug.xcconfig"; sourceTree = "<group>"; };
		88C0421622FB2BAC003155B3 /* CalibrationDelegateInterface.h */ = {isa = PBXFileReference; lastKnownFileType = sourcecode.c.h; path = CalibrationDelegateInterface.h; sourceTree = "<group>"; };
		88C0421722FB3A08003155B3 /* MessageUI.framework */ = {isa = PBXFileReference; lastKnownFileType = wrapper.framework; name = MessageUI.framework; path = System/Library/Frameworks/MessageUI.framework; sourceTree = SDKROOT; };
		9A2E52AEA771E81F3A57DFB7 /* Pods-camera-calibration.release.xcconfig */ = {isa = PBXFileReference; includeInIndex = 1; lastKnownFileType = text.xcconfig; name = "Pods-camera-calibration.release.xcconfig"; path = "Pods/Target Support Files/Pods-camera-calibration/Pods-camera-calibration.release.xcconfig"; sourceTree = "<group>"; };
		EE2D8D791C7F015B0004F1FC /* camera-calibration.app */ = {isa = PBXFileReference; explicitFileType = wrapper.application; includeInIndex = 0; path = "camera-calibration.app"; sourceTree = BUILT_PRODUCTS_DIR; };
		EE2D8D7D1C7F015B0004F1FC /* main.m */ = {isa = PBXFileReference; lastKnownFileType = sourcecode.c.objc; path = main.m; sourceTree = "<group>"; };
		EE2D8D7F1C7F015B0004F1FC /* AppDelegate.h */ = {isa = PBXFileReference; lastKnownFileType = sourcecode.c.h; path = AppDelegate.h; sourceTree = "<group>"; };
		EE2D8D801C7F015B0004F1FC /* AppDelegate.m */ = {isa = PBXFileReference; lastKnownFileType = sourcecode.c.objc; path = AppDelegate.m; sourceTree = "<group>"; };
		EE2D8D821C7F015B0004F1FC /* ViewController.h */ = {isa = PBXFileReference; lastKnownFileType = sourcecode.c.h; path = ViewController.h; sourceTree = "<group>"; };
		EE2D8D831C7F015B0004F1FC /* ViewController.mm */ = {isa = PBXFileReference; lastKnownFileType = sourcecode.cpp.objcpp; path = ViewController.mm; sourceTree = "<group>"; };
		EE2D8D861C7F015B0004F1FC /* Base */ = {isa = PBXFileReference; lastKnownFileType = file.storyboard; name = Base; path = Base.lproj/Main.storyboard; sourceTree = "<group>"; };
		EE2D8D881C7F015B0004F1FC /* Assets.xcassets */ = {isa = PBXFileReference; lastKnownFileType = folder.assetcatalog; path = Assets.xcassets; sourceTree = "<group>"; };
		EE2D8D8B1C7F015B0004F1FC /* Base */ = {isa = PBXFileReference; lastKnownFileType = file.storyboard; name = Base; path = Base.lproj/LaunchScreen.storyboard; sourceTree = "<group>"; };
		EE2D8D8D1C7F015B0004F1FC /* Info.plist */ = {isa = PBXFileReference; lastKnownFileType = text.plist.xml; path = Info.plist; sourceTree = "<group>"; };
		EE658FFD1C7F02F100FE63A0 /* Calibrator.cpp */ = {isa = PBXFileReference; fileEncoding = 4; lastKnownFileType = sourcecode.cpp.cpp; path = Calibrator.cpp; sourceTree = "<group>"; };
		EE658FFE1C7F02F100FE63A0 /* Calibrator.hpp */ = {isa = PBXFileReference; fileEncoding = 4; lastKnownFileType = sourcecode.cpp.h; path = Calibrator.hpp; sourceTree = "<group>"; };
		EECA2EF31C7F0A4200AAEA40 /* VideoSource.h */ = {isa = PBXFileReference; fileEncoding = 4; lastKnownFileType = sourcecode.c.h; path = VideoSource.h; sourceTree = "<group>"; };
		EECA2EF41C7F0A4200AAEA40 /* VideoSource.mm */ = {isa = PBXFileReference; fileEncoding = 4; lastKnownFileType = sourcecode.cpp.objcpp; path = VideoSource.mm; sourceTree = "<group>"; };
		EECA2EF61C7F0A9800AAEA40 /* BGRAVideoFrame.h */ = {isa = PBXFileReference; lastKnownFileType = sourcecode.c.h; path = BGRAVideoFrame.h; sourceTree = "<group>"; };
		FD3748D4981CD8F626DB37C8 /* libPods-camera-calibration.a */ = {isa = PBXFileReference; explicitFileType = archive.ar; includeInIndex = 0; path = "libPods-camera-calibration.a"; sourceTree = BUILT_PRODUCTS_DIR; };
/* End PBXFileReference section */

/* Begin PBXFrameworksBuildPhase section */
		EE2D8D761C7F015B0004F1FC /* Frameworks */ = {
			isa = PBXFrameworksBuildPhase;
			buildActionMask = 2147483647;
			files = (
				88C0421822FB3A08003155B3 /* MessageUI.framework in Frameworks */,
				C19B4A00E9E8089BECD26100 /* libPods-camera-calibration.a in Frameworks */,
			);
			runOnlyForDeploymentPostprocessing = 0;
		};
/* End PBXFrameworksBuildPhase section */

/* Begin PBXGroup section */
		CC1DDA6DE43ABC0D426513D6 /* Pods */ = {
			isa = PBXGroup;
			children = (
				35F506926ED8AB859EC4EE70 /* Pods-camera-calibration.debug.xcconfig */,
				9A2E52AEA771E81F3A57DFB7 /* Pods-camera-calibration.release.xcconfig */,
			);
			name = Pods;
			sourceTree = "<group>";
		};
		E35769C8FF152A7F640981B6 /* Frameworks */ = {
			isa = PBXGroup;
			children = (
				88C0421722FB3A08003155B3 /* MessageUI.framework */,
				FD3748D4981CD8F626DB37C8 /* libPods-camera-calibration.a */,
			);
			name = Frameworks;
			sourceTree = "<group>";
		};
		EE2D8D701C7F015B0004F1FC = {
			isa = PBXGroup;
			children = (
				EE2D8D7B1C7F015B0004F1FC /* camera-calibration */,
				EE2D8D7A1C7F015B0004F1FC /* Products */,
				CC1DDA6DE43ABC0D426513D6 /* Pods */,
				E35769C8FF152A7F640981B6 /* Frameworks */,
			);
			sourceTree = "<group>";
		};
		EE2D8D7A1C7F015B0004F1FC /* Products */ = {
			isa = PBXGroup;
			children = (
				EE2D8D791C7F015B0004F1FC /* camera-calibration.app */,
			);
			name = Products;
			sourceTree = "<group>";
		};
		EE2D8D7B1C7F015B0004F1FC /* camera-calibration */ = {
			isa = PBXGroup;
			children = (
				EE2D8D7F1C7F015B0004F1FC /* AppDelegate.h */,
				EE2D8D801C7F015B0004F1FC /* AppDelegate.m */,
				EE2D8D821C7F015B0004F1FC /* ViewController.h */,
				EE2D8D831C7F015B0004F1FC /* ViewController.mm */,
				EE2D8D851C7F015B0004F1FC /* Main.storyboard */,
				EE2D8D881C7F015B0004F1FC /* Assets.xcassets */,
				EE2D8D8A1C7F015B0004F1FC /* LaunchScreen.storyboard */,
				EE2D8D8D1C7F015B0004F1FC /* Info.plist */,
				EE2D8D7C1C7F015B0004F1FC /* Supporting Files */,
				EE658FFD1C7F02F100FE63A0 /* Calibrator.cpp */,
				EE658FFE1C7F02F100FE63A0 /* Calibrator.hpp */,
				EECA2EF61C7F0A9800AAEA40 /* BGRAVideoFrame.h */,
				EECA2EF31C7F0A4200AAEA40 /* VideoSource.h */,
				EECA2EF41C7F0A4200AAEA40 /* VideoSource.mm */,
				88C0421622FB2BAC003155B3 /* CalibrationDelegateInterface.h */,
			);
			path = "camera-calibration";
			sourceTree = "<group>";
		};
		EE2D8D7C1C7F015B0004F1FC /* Supporting Files */ = {
			isa = PBXGroup;
			children = (
				EE2D8D7D1C7F015B0004F1FC /* main.m */,
			);
			name = "Supporting Files";
			sourceTree = "<group>";
		};
/* End PBXGroup section */

/* Begin PBXNativeTarget section */
		EE2D8D781C7F015B0004F1FC /* camera-calibration */ = {
			isa = PBXNativeTarget;
			buildConfigurationList = EE2D8D901C7F015B0004F1FC /* Build configuration list for PBXNativeTarget "camera-calibration" */;
			buildPhases = (
				7B3ECC6D2F68402B1D691F8C /* [CP] Check Pods Manifest.lock */,
				EE2D8D751C7F015B0004F1FC /* Sources */,
				EE2D8D761C7F015B0004F1FC /* Frameworks */,
				EE2D8D771C7F015B0004F1FC /* Resources */,
			);
			buildRules = (
			);
			dependencies = (
			);
			name = "camera-calibration";
			productName = "camera-calibration";
			productReference = EE2D8D791C7F015B0004F1FC /* camera-calibration.app */;
			productType = "com.apple.product-type.application";
		};
/* End PBXNativeTarget section */

/* Begin PBXProject section */
		EE2D8D711C7F015B0004F1FC /* Project object */ = {
			isa = PBXProject;
			attributes = {
				LastUpgradeCheck = 1010;
				ORGANIZATIONNAME = "Takahiro Horikawa";
				TargetAttributes = {
					EE2D8D781C7F015B0004F1FC = {
						CreatedOnToolsVersion = 7.2.1;
						DevelopmentTeam = WT765S9Q42;
					};
				};
			};
			buildConfigurationList = EE2D8D741C7F015B0004F1FC /* Build configuration list for PBXProject "camera-calibration" */;
			compatibilityVersion = "Xcode 3.2";
			developmentRegion = English;
			hasScannedForEncodings = 0;
			knownRegions = (
				English,
				en,
				Base,
			);
			mainGroup = EE2D8D701C7F015B0004F1FC;
			productRefGroup = EE2D8D7A1C7F015B0004F1FC /* Products */;
			projectDirPath = "";
			projectRoot = "";
			targets = (
				EE2D8D781C7F015B0004F1FC /* camera-calibration */,
			);
		};
/* End PBXProject section */

/* Begin PBXResourcesBuildPhase section */
		EE2D8D771C7F015B0004F1FC /* Resources */ = {
			isa = PBXResourcesBuildPhase;
			buildActionMask = 2147483647;
			files = (
				EE2D8D8C1C7F015B0004F1FC /* LaunchScreen.storyboard in Resources */,
				EE2D8D891C7F015B0004F1FC /* Assets.xcassets in Resources */,
				EE2D8D871C7F015B0004F1FC /* Main.storyboard in Resources */,
			);
			runOnlyForDeploymentPostprocessing = 0;
		};
/* End PBXResourcesBuildPhase section */

/* Begin PBXShellScriptBuildPhase section */
		7B3ECC6D2F68402B1D691F8C /* [CP] Check Pods Manifest.lock */ = {
			isa = PBXShellScriptBuildPhase;
			buildActionMask = 2147483647;
			files = (
			);
			inputPaths = (
				"${PODS_PODFILE_DIR_PATH}/Podfile.lock",
				"${PODS_ROOT}/Manifest.lock",
			);
			name = "[CP] Check Pods Manifest.lock";
			outputPaths = (
				"$(DERIVED_FILE_DIR)/Pods-camera-calibration-checkManifestLockResult.txt",
			);
			runOnlyForDeploymentPostprocessing = 0;
			shellPath = /bin/sh;
			shellScript = "diff \"${PODS_PODFILE_DIR_PATH}/Podfile.lock\" \"${PODS_ROOT}/Manifest.lock\" > /dev/null\nif [ $? != 0 ] ; then\n    # print error to STDERR\n    echo \"error: The sandbox is not in sync with the Podfile.lock. Run 'pod install' or update your CocoaPods installation.\" >&2\n    exit 1\nfi\n# This output is used by Xcode 'outputs' to avoid re-running this script phase.\necho \"SUCCESS\" > \"${SCRIPT_OUTPUT_FILE_0}\"\n";
			showEnvVarsInLog = 0;
		};
/* End PBXShellScriptBuildPhase section */

/* Begin PBXSourcesBuildPhase section */
		EE2D8D751C7F015B0004F1FC /* Sources */ = {
			isa = PBXSourcesBuildPhase;
			buildActionMask = 2147483647;
			files = (
				EECA2EF51C7F0A4200AAEA40 /* VideoSource.mm in Sources */,
				EE658FFF1C7F02F100FE63A0 /* Calibrator.cpp in Sources */,
				EE2D8D841C7F015B0004F1FC /* ViewController.mm in Sources */,
				EE2D8D811C7F015B0004F1FC /* AppDelegate.m in Sources */,
				EE2D8D7E1C7F015B0004F1FC /* main.m in Sources */,
			);
			runOnlyForDeploymentPostprocessing = 0;
		};
/* End PBXSourcesBuildPhase section */

/* Begin PBXVariantGroup section */
		EE2D8D851C7F015B0004F1FC /* Main.storyboard */ = {
			isa = PBXVariantGroup;
			children = (
				EE2D8D861C7F015B0004F1FC /* Base */,
			);
			name = Main.storyboard;
			sourceTree = "<group>";
		};
		EE2D8D8A1C7F015B0004F1FC /* LaunchScreen.storyboard */ = {
			isa = PBXVariantGroup;
			children = (
				EE2D8D8B1C7F015B0004F1FC /* Base */,
			);
			name = LaunchScreen.storyboard;
			sourceTree = "<group>";
		};
/* End PBXVariantGroup section */

/* Begin XCBuildConfiguration section */
		EE2D8D8E1C7F015B0004F1FC /* Debug */ = {
			isa = XCBuildConfiguration;
			buildSettings = {
				ALWAYS_SEARCH_USER_PATHS = NO;
				CLANG_CXX_LANGUAGE_STANDARD = "gnu++0x";
				CLANG_CXX_LIBRARY = "libc++";
				CLANG_ENABLE_MODULES = YES;
				CLANG_ENABLE_OBJC_ARC = YES;
				CLANG_WARN_BLOCK_CAPTURE_AUTORELEASING = YES;
				CLANG_WARN_BOOL_CONVERSION = YES;
				CLANG_WARN_COMMA = YES;
				CLANG_WARN_CONSTANT_CONVERSION = YES;
				CLANG_WARN_DEPRECATED_OBJC_IMPLEMENTATIONS = YES;
				CLANG_WARN_DIRECT_OBJC_ISA_USAGE = YES_ERROR;
				CLANG_WARN_EMPTY_BODY = YES;
				CLANG_WARN_ENUM_CONVERSION = YES;
				CLANG_WARN_INFINITE_RECURSION = YES;
				CLANG_WARN_INT_CONVERSION = YES;
				CLANG_WARN_NON_LITERAL_NULL_CONVERSION = YES;
				CLANG_WARN_OBJC_IMPLICIT_RETAIN_SELF = YES;
				CLANG_WARN_OBJC_LITERAL_CONVERSION = YES;
				CLANG_WARN_OBJC_ROOT_CLASS = YES_ERROR;
				CLANG_WARN_RANGE_LOOP_ANALYSIS = YES;
				CLANG_WARN_STRICT_PROTOTYPES = YES;
				CLANG_WARN_SUSPICIOUS_MOVE = YES;
				CLANG_WARN_UNREACHABLE_CODE = YES;
				CLANG_WARN__DUPLICATE_METHOD_MATCH = YES;
				"CODE_SIGN_IDENTITY[sdk=iphoneos*]" = "iPhone Developer";
				COPY_PHASE_STRIP = NO;
				DEBUG_INFORMATION_FORMAT = dwarf;
				ENABLE_STRICT_OBJC_MSGSEND = YES;
				ENABLE_TESTABILITY = YES;
				GCC_C_LANGUAGE_STANDARD = gnu99;
				GCC_DYNAMIC_NO_PIC = NO;
				GCC_NO_COMMON_BLOCKS = YES;
				GCC_OPTIMIZATION_LEVEL = 0;
				GCC_PREPROCESSOR_DEFINITIONS = (
					"DEBUG=1",
					"$(inherited)",
				);
				GCC_WARN_64_TO_32_BIT_CONVERSION = YES;
				GCC_WARN_ABOUT_RETURN_TYPE = YES_ERROR;
				GCC_WARN_UNDECLARED_SELECTOR = YES;
				GCC_WARN_UNINITIALIZED_AUTOS = YES_AGGRESSIVE;
				GCC_WARN_UNUSED_FUNCTION = YES;
				GCC_WARN_UNUSED_VARIABLE = YES;
				IPHONEOS_DEPLOYMENT_TARGET = 9.2;
				MTL_ENABLE_DEBUG_INFO = YES;
				ONLY_ACTIVE_ARCH = YES;
				SDKROOT = iphoneos;
				TARGETED_DEVICE_FAMILY = "1,2";
			};
			name = Debug;
		};
		EE2D8D8F1C7F015B0004F1FC /* Release */ = {
			isa = XCBuildConfiguration;
			buildSettings = {
				ALWAYS_SEARCH_USER_PATHS = NO;
				CLANG_CXX_LANGUAGE_STANDARD = "gnu++0x";
				CLANG_CXX_LIBRARY = "libc++";
				CLANG_ENABLE_MODULES = YES;
				CLANG_ENABLE_OBJC_ARC = YES;
				CLANG_WARN_BLOCK_CAPTURE_AUTORELEASING = YES;
				CLANG_WARN_BOOL_CONVERSION = YES;
				CLANG_WARN_COMMA = YES;
				CLANG_WARN_CONSTANT_CONVERSION = YES;
				CLANG_WARN_DEPRECATED_OBJC_IMPLEMENTATIONS = YES;
				CLANG_WARN_DIRECT_OBJC_ISA_USAGE = YES_ERROR;
				CLANG_WARN_EMPTY_BODY = YES;
				CLANG_WARN_ENUM_CONVERSION = YES;
				CLANG_WARN_INFINITE_RECURSION = YES;
				CLANG_WARN_INT_CONVERSION = YES;
				CLANG_WARN_NON_LITERAL_NULL_CONVERSION = YES;
				CLANG_WARN_OBJC_IMPLICIT_RETAIN_SELF = YES;
				CLANG_WARN_OBJC_LITERAL_CONVERSION = YES;
				CLANG_WARN_OBJC_ROOT_CLASS = YES_ERROR;
				CLANG_WARN_RANGE_LOOP_ANALYSIS = YES;
				CLANG_WARN_STRICT_PROTOTYPES = YES;
				CLANG_WARN_SUSPICIOUS_MOVE = YES;
				CLANG_WARN_UNREACHABLE_CODE = YES;
				CLANG_WARN__DUPLICATE_METHOD_MATCH = YES;
				"CODE_SIGN_IDENTITY[sdk=iphoneos*]" = "iPhone Developer";
				COPY_PHASE_STRIP = NO;
				DEBUG_INFORMATION_FORMAT = "dwarf-with-dsym";
				ENABLE_NS_ASSERTIONS = NO;
				ENABLE_STRICT_OBJC_MSGSEND = YES;
				GCC_C_LANGUAGE_STANDARD = gnu99;
				GCC_NO_COMMON_BLOCKS = YES;
				GCC_WARN_64_TO_32_BIT_CONVERSION = YES;
				GCC_WARN_ABOUT_RETURN_TYPE = YES_ERROR;
				GCC_WARN_UNDECLARED_SELECTOR = YES;
				GCC_WARN_UNINITIALIZED_AUTOS = YES_AGGRESSIVE;
				GCC_WARN_UNUSED_FUNCTION = YES;
				GCC_WARN_UNUSED_VARIABLE = YES;
				IPHONEOS_DEPLOYMENT_TARGET = 9.2;
				MTL_ENABLE_DEBUG_INFO = NO;
				SDKROOT = iphoneos;
				TARGETED_DEVICE_FAMILY = "1,2";
				VALIDATE_PRODUCT = YES;
			};
			name = Release;
		};
		EE2D8D911C7F015B0004F1FC /* Debug */ = {
			isa = XCBuildConfiguration;
			baseConfigurationReference = 35F506926ED8AB859EC4EE70 /* Pods-camera-calibration.debug.xcconfig */;
			buildSettings = {
				ASSETCATALOG_COMPILER_APPICON_NAME = AppIcon;
				DEVELOPMENT_TEAM = WT765S9Q42;
				ENABLE_BITCODE = NO;
				INFOPLIST_FILE = "camera-calibration/Info.plist";
				LD_RUNPATH_SEARCH_PATHS = "$(inherited) @executable_path/Frameworks";
				PRODUCT_BUNDLE_IDENTIFIER = "com.polysfactory.camera-calibration";
				PRODUCT_NAME = "$(TARGET_NAME)";
			};
			name = Debug;
		};
		EE2D8D921C7F015B0004F1FC /* Release */ = {
			isa = XCBuildConfiguration;
			baseConfigurationReference = 9A2E52AEA771E81F3A57DFB7 /* Pods-camera-calibration.release.xcconfig */;
			buildSettings = {
				ASSETCATALOG_COMPILER_APPICON_NAME = AppIcon;
				DEVELOPMENT_TEAM = WT765S9Q42;
				ENABLE_BITCODE = NO;
				INFOPLIST_FILE = "camera-calibration/Info.plist";
				LD_RUNPATH_SEARCH_PATHS = "$(inherited) @executable_path/Frameworks";
				PRODUCT_BUNDLE_IDENTIFIER = "com.polysfactory.camera-calibration";
				PRODUCT_NAME = "$(TARGET_NAME)";
			};
			name = Release;
		};
/* End XCBuildConfiguration section */

/* Begin XCConfigurationList section */
		EE2D8D741C7F015B0004F1FC /* Build configuration list for PBXProject "camera-calibration" */ = {
			isa = XCConfigurationList;
			buildConfigurations = (
				EE2D8D8E1C7F015B0004F1FC /* Debug */,
				EE2D8D8F1C7F015B0004F1FC /* Release */,
			);
			defaultConfigurationIsVisible = 0;
			defaultConfigurationName = Release;
		};
		EE2D8D901C7F015B0004F1FC /* Build configuration list for PBXNativeTarget "camera-calibration" */ = {
			isa = XCConfigurationList;
			buildConfigurations = (
				EE2D8D911C7F015B0004F1FC /* Debug */,
				EE2D8D921C7F015B0004F1FC /* Release */,
			);
			defaultConfigurationIsVisible = 0;
			defaultConfigurationName = Release;
		};
/* End XCConfigurationList section */
	};
	rootObject = EE2D8D711C7F015B0004F1FC /* Project object */;
}
